// !$*UTF8*$!
{
	archiveVersion = 1;
	classes = {
	};
	objectVersion = 51;
	objects = {

/* Begin PBXBuildFile section */
		DE2F45B02511F565003B7F96 /* NoteInfoViewController.swift in Sources */ = {isa = PBXBuildFile; fileRef = DE2F45AF2511F565003B7F96 /* NoteInfoViewController.swift */; };
		DE5A2006250F431E00DFAEBD /* AppDelegate.swift in Sources */ = {isa = PBXBuildFile; fileRef = DE5A2005250F431E00DFAEBD /* AppDelegate.swift */; };
		DE5A200A250F431E00DFAEBD /* ViewController.swift in Sources */ = {isa = PBXBuildFile; fileRef = DE5A2009250F431E00DFAEBD /* ViewController.swift */; };
		DE5A200D250F431E00DFAEBD /* Main.storyboard in Resources */ = {isa = PBXBuildFile; fileRef = DE5A200B250F431E00DFAEBD /* Main.storyboard */; };
		DE5A200F250F431F00DFAEBD /* Assets.xcassets in Resources */ = {isa = PBXBuildFile; fileRef = DE5A200E250F431F00DFAEBD /* Assets.xcassets */; };
		DE5A2012250F431F00DFAEBD /* LaunchScreen.storyboard in Resources */ = {isa = PBXBuildFile; fileRef = DE5A2010250F431F00DFAEBD /* LaunchScreen.storyboard */; };
		DE5A201A250F457300DFAEBD /* HomeView.swift in Sources */ = {isa = PBXBuildFile; fileRef = DE5A2019250F457300DFAEBD /* HomeView.swift */; };
		DE5A201C2510A9FA00DFAEBD /* DataManager.swift in Sources */ = {isa = PBXBuildFile; fileRef = DE5A201B2510A9FA00DFAEBD /* DataManager.swift */; };
		DE5A201E2511B86900DFAEBD /* NoteModel.swift in Sources */ = {isa = PBXBuildFile; fileRef = DE5A201D2511B86900DFAEBD /* NoteModel.swift */; };
		DE5A20202511BA8400DFAEBD /* NoteListTableViewController.swift in Sources */ = {isa = PBXBuildFile; fileRef = DE5A201F2511BA8400DFAEBD /* NoteListTableViewController.swift */; };
		F623B8D4FE9B439D5F7D5BC1 /* Pods_Notes.framework in Frameworks */ = {isa = PBXBuildFile; fileRef = 82D5D09005144F12F10949A0 /* Pods_Notes.framework */; };
/* End PBXBuildFile section */

/* Begin PBXFileReference section */
		40997F61F2B7439277FE49B1 /* Pods-Notes.debug.xcconfig */ = {isa = PBXFileReference; includeInIndex = 1; lastKnownFileType = text.xcconfig; name = "Pods-Notes.debug.xcconfig"; path = "Target Support Files/Pods-Notes/Pods-Notes.debug.xcconfig"; sourceTree = "<group>"; };
		82D5D09005144F12F10949A0 /* Pods_Notes.framework */ = {isa = PBXFileReference; explicitFileType = wrapper.framework; includeInIndex = 0; path = Pods_Notes.framework; sourceTree = BUILT_PRODUCTS_DIR; };
		A838169FD23C9A0F8EB6C39E /* Pods-Notes.release.xcconfig */ = {isa = PBXFileReference; includeInIndex = 1; lastKnownFileType = text.xcconfig; name = "Pods-Notes.release.xcconfig"; path = "Target Support Files/Pods-Notes/Pods-Notes.release.xcconfig"; sourceTree = "<group>"; };
		DE2F45AF2511F565003B7F96 /* NoteInfoViewController.swift */ = {isa = PBXFileReference; lastKnownFileType = sourcecode.swift; path = NoteInfoViewController.swift; sourceTree = "<group>"; };
		DE5A2002250F431E00DFAEBD /* Notes.app */ = {isa = PBXFileReference; explicitFileType = wrapper.application; includeInIndex = 0; path = Notes.app; sourceTree = BUILT_PRODUCTS_DIR; };
		DE5A2005250F431E00DFAEBD /* AppDelegate.swift */ = {isa = PBXFileReference; lastKnownFileType = sourcecode.swift; path = AppDelegate.swift; sourceTree = "<group>"; };
		DE5A2009250F431E00DFAEBD /* ViewController.swift */ = {isa = PBXFileReference; lastKnownFileType = sourcecode.swift; path = ViewController.swift; sourceTree = "<group>"; };
		DE5A200C250F431E00DFAEBD /* Base */ = {isa = PBXFileReference; lastKnownFileType = file.storyboard; name = Base; path = Base.lproj/Main.storyboard; sourceTree = "<group>"; };
		DE5A200E250F431F00DFAEBD /* Assets.xcassets */ = {isa = PBXFileReference; lastKnownFileType = folder.assetcatalog; path = Assets.xcassets; sourceTree = "<group>"; };
		DE5A2011250F431F00DFAEBD /* Base */ = {isa = PBXFileReference; lastKnownFileType = file.storyboard; name = Base; path = Base.lproj/LaunchScreen.storyboard; sourceTree = "<group>"; };
		DE5A2013250F431F00DFAEBD /* Info.plist */ = {isa = PBXFileReference; lastKnownFileType = text.plist.xml; path = Info.plist; sourceTree = "<group>"; };
		DE5A2019250F457300DFAEBD /* HomeView.swift */ = {isa = PBXFileReference; lastKnownFileType = sourcecode.swift; path = HomeView.swift; sourceTree = "<group>"; };
		DE5A201B2510A9FA00DFAEBD /* DataManager.swift */ = {isa = PBXFileReference; lastKnownFileType = sourcecode.swift; path = DataManager.swift; sourceTree = "<group>"; };
		DE5A201D2511B86900DFAEBD /* NoteModel.swift */ = {isa = PBXFileReference; lastKnownFileType = sourcecode.swift; path = NoteModel.swift; sourceTree = "<group>"; };
		DE5A201F2511BA8400DFAEBD /* NoteListTableViewController.swift */ = {isa = PBXFileReference; lastKnownFileType = sourcecode.swift; path = NoteListTableViewController.swift; sourceTree = "<group>"; };
/* End PBXFileReference section */

/* Begin PBXFrameworksBuildPhase section */
		DE5A1FFF250F431E00DFAEBD /* Frameworks */ = {
			isa = PBXFrameworksBuildPhase;
			buildActionMask = 2147483647;
			files = (
				F623B8D4FE9B439D5F7D5BC1 /* Pods_Notes.framework in Frameworks */,
			);
			runOnlyForDeploymentPostprocessing = 0;
		};
/* End PBXFrameworksBuildPhase section */

/* Begin PBXGroup section */
		4F37C1FD7498682C6458ABB2 /* Frameworks */ = {
			isa = PBXGroup;
			children = (
				82D5D09005144F12F10949A0 /* Pods_Notes.framework */,
			);
			name = Frameworks;
			sourceTree = "<group>";
		};
		DE5A1FF9250F431E00DFAEBD = {
			isa = PBXGroup;
			children = (
				DE5A2004250F431E00DFAEBD /* Notes */,
				DE5A2003250F431E00DFAEBD /* Products */,
				E85906471E0F7FF1CA09CD42 /* Pods */,
				4F37C1FD7498682C6458ABB2 /* Frameworks */,
			);
			sourceTree = "<group>";
		};
		DE5A2003250F431E00DFAEBD /* Products */ = {
			isa = PBXGroup;
			children = (
				DE5A2002250F431E00DFAEBD /* Notes.app */,
			);
			name = Products;
			sourceTree = "<group>";
		};
		DE5A2004250F431E00DFAEBD /* Notes */ = {
			isa = PBXGroup;
			children = (
				DE5A2005250F431E00DFAEBD /* AppDelegate.swift */,
				DE5A2009250F431E00DFAEBD /* ViewController.swift */,
				DE5A201D2511B86900DFAEBD /* NoteModel.swift */,
				DE5A201F2511BA8400DFAEBD /* NoteListTableViewController.swift */,
				DE5A200B250F431E00DFAEBD /* Main.storyboard */,
				DE5A201B2510A9FA00DFAEBD /* DataManager.swift */,
				DE2F45AF2511F565003B7F96 /* NoteInfoViewController.swift */,
				DE5A2019250F457300DFAEBD /* HomeView.swift */,
				DE5A200E250F431F00DFAEBD /* Assets.xcassets */,
				DE5A2010250F431F00DFAEBD /* LaunchScreen.storyboard */,
				DE5A2013250F431F00DFAEBD /* Info.plist */,
			);
			path = Notes;
			sourceTree = "<group>";
		};
		E85906471E0F7FF1CA09CD42 /* Pods */ = {
			isa = PBXGroup;
			children = (
				40997F61F2B7439277FE49B1 /* Pods-Notes.debug.xcconfig */,
				A838169FD23C9A0F8EB6C39E /* Pods-Notes.release.xcconfig */,
			);
			path = Pods;
			sourceTree = "<group>";
		};
/* End PBXGroup section */

/* Begin PBXNativeTarget section */
		DE5A2001250F431E00DFAEBD /* Notes */ = {
			isa = PBXNativeTarget;
			buildConfigurationList = DE5A2016250F431F00DFAEBD /* Build configuration list for PBXNativeTarget "Notes" */;
			buildPhases = (
				C1E6AD424EDF25FA04E8A209 /* [CP] Check Pods Manifest.lock */,
				DE5A1FFE250F431E00DFAEBD /* Sources */,
				DE5A1FFF250F431E00DFAEBD /* Frameworks */,
				DE5A2000250F431E00DFAEBD /* Resources */,
				09D6A4C15FFF2E64F6B9A543 /* [CP] Embed Pods Frameworks */,
			);
			buildRules = (
			);
			dependencies = (
			);
			name = Notes;
			productName = Notes;
			productReference = DE5A2002250F431E00DFAEBD /* Notes.app */;
			productType = "com.apple.product-type.application";
		};
/* End PBXNativeTarget section */

/* Begin PBXProject section */
		DE5A1FFA250F431E00DFAEBD /* Project object */ = {
			isa = PBXProject;
			attributes = {
				LastSwiftUpdateCheck = 1170;
				LastUpgradeCheck = 1170;
				ORGANIZATIONNAME = Glorious;
				TargetAttributes = {
					DE5A2001250F431E00DFAEBD = {
						CreatedOnToolsVersion = 11.7;
					};
				};
			};
			buildConfigurationList = DE5A1FFD250F431E00DFAEBD /* Build configuration list for PBXProject "Notes" */;
			compatibilityVersion = "Xcode 9.3";
			developmentRegion = en;
			hasScannedForEncodings = 0;
			knownRegions = (
				en,
				Base,
			);
			mainGroup = DE5A1FF9250F431E00DFAEBD;
			productRefGroup = DE5A2003250F431E00DFAEBD /* Products */;
			projectDirPath = "";
			projectRoot = "";
			targets = (
				DE5A2001250F431E00DFAEBD /* Notes */,
			);
		};
/* End PBXProject section */

/* Begin PBXResourcesBuildPhase section */
		DE5A2000250F431E00DFAEBD /* Resources */ = {
			isa = PBXResourcesBuildPhase;
			buildActionMask = 2147483647;
			files = (
				DE5A2012250F431F00DFAEBD /* LaunchScreen.storyboard in Resources */,
				DE5A200F250F431F00DFAEBD /* Assets.xcassets in Resources */,
				DE5A200D250F431E00DFAEBD /* Main.storyboard in Resources */,
			);
			runOnlyForDeploymentPostprocessing = 0;
		};
/* End PBXResourcesBuildPhase section */

/* Begin PBXShellScriptBuildPhase section */
		09D6A4C15FFF2E64F6B9A543 /* [CP] Embed Pods Frameworks */ = {
			isa = PBXShellScriptBuildPhase;
			buildActionMask = 2147483647;
			files = (
			);
			inputFileListPaths = (
				"${PODS_ROOT}/Target Support Files/Pods-Notes/Pods-Notes-frameworks-${CONFIGURATION}-input-files.xcfilelist",
			);
			name = "[CP] Embed Pods Frameworks";
			outputFileListPaths = (
				"${PODS_ROOT}/Target Support Files/Pods-Notes/Pods-Notes-frameworks-${CONFIGURATION}-output-files.xcfilelist",
			);
			runOnlyForDeploymentPostprocessing = 0;
			shellPath = /bin/sh;
			shellScript = "\"${PODS_ROOT}/Target Support Files/Pods-Notes/Pods-Notes-frameworks.sh\"\n";
			showEnvVarsInLog = 0;
		};
		C1E6AD424EDF25FA04E8A209 /* [CP] Check Pods Manifest.lock */ = {
			isa = PBXShellScriptBuildPhase;
			buildActionMask = 2147483647;
			files = (
			);
			inputFileListPaths = (
			);
			inputPaths = (
				"${PODS_PODFILE_DIR_PATH}/Podfile.lock",
				"${PODS_ROOT}/Manifest.lock",
			);
			name = "[CP] Check Pods Manifest.lock";
			outputFileListPaths = (
			);
			outputPaths = (
				"$(DERIVED_FILE_DIR)/Pods-Notes-checkManifestLockResult.txt",
			);
			runOnlyForDeploymentPostprocessing = 0;
			shellPath = /bin/sh;
			shellScript = "diff \"${PODS_PODFILE_DIR_PATH}/Podfile.lock\" \"${PODS_ROOT}/Manifest.lock\" > /dev/null\nif [ $? != 0 ] ; then\n    # print error to STDERR\n    echo \"error: The sandbox is not in sync with the Podfile.lock. Run 'pod install' or update your CocoaPods installation.\" >&2\n    exit 1\nfi\n# This output is used by Xcode 'outputs' to avoid re-running this script phase.\necho \"SUCCESS\" > \"${SCRIPT_OUTPUT_FILE_0}\"\n";
			showEnvVarsInLog = 0;
		};
/* End PBXShellScriptBuildPhase section */

/* Begin PBXSourcesBuildPhase section */
		DE5A1FFE250F431E00DFAEBD /* Sources */ = {
			isa = PBXSourcesBuildPhase;
			buildActionMask = 2147483647;
			files = (
				DE2F45B02511F565003B7F96 /* NoteInfoViewController.swift in Sources */,
				DE5A200A250F431E00DFAEBD /* ViewController.swift in Sources */,
				DE5A201E2511B86900DFAEBD /* NoteModel.swift in Sources */,
				DE5A201C2510A9FA00DFAEBD /* DataManager.swift in Sources */,
				DE5A20202511BA8400DFAEBD /* NoteListTableViewController.swift in Sources */,
				DE5A201A250F457300DFAEBD /* HomeView.swift in Sources */,
				DE5A2006250F431E00DFAEBD /* AppDelegate.swift in Sources */,
			);
			runOnlyForDeploymentPostprocessing = 0;
		};
/* End PBXSourcesBuildPhase section */

/* Begin PBXVariantGroup section */
		DE5A200B250F431E00DFAEBD /* Main.storyboard */ = {
			isa = PBXVariantGroup;
			children = (
				DE5A200C250F431E00DFAEBD /* Base */,
			);
			name = Main.storyboard;
			sourceTree = "<group>";
		};
		DE5A2010250F431F00DFAEBD /* LaunchScreen.storyboard */ = {
			isa = PBXVariantGroup;
			children = (
				DE5A2011250F431F00DFAEBD /* Base */,
			);
			name = LaunchScreen.storyboard;
			sourceTree = "<group>";
		};
/* End PBXVariantGroup section */

/* Begin XCBuildConfiguration section */
		DE5A2014250F431F00DFAEBD /* Debug */ = {
			isa = XCBuildConfiguration;
			buildSettings = {
				ALWAYS_SEARCH_USER_PATHS = NO;
				CLANG_ANALYZER_NONNULL = YES;
				CLANG_ANALYZER_NUMBER_OBJECT_CONVERSION = YES_AGGRESSIVE;
				CLANG_CXX_LANGUAGE_STANDARD = "gnu++14";
				CLANG_CXX_LIBRARY = "libc++";
				CLANG_ENABLE_MODULES = YES;
				CLANG_ENABLE_OBJC_ARC = YES;
				CLANG_ENABLE_OBJC_WEAK = YES;
				CLANG_WARN_BLOCK_CAPTURE_AUTORELEASING = YES;
				CLANG_WARN_BOOL_CONVERSION = YES;
				CLANG_WARN_COMMA = YES;
				CLANG_WARN_CONSTANT_CONVERSION = YES;
				CLANG_WARN_DEPRECATED_OBJC_IMPLEMENTATIONS = YES;
				CLANG_WARN_DIRECT_OBJC_ISA_USAGE = YES_ERROR;
				CLANG_WARN_DOCUMENTATION_COMMENTS = YES;
				CLANG_WARN_EMPTY_BODY = YES;
				CLANG_WARN_ENUM_CONVERSION = YES;
				CLANG_WARN_INFINITE_RECURSION = YES;
				CLANG_WARN_INT_CONVERSION = YES;
				CLANG_WARN_NON_LITERAL_NULL_CONVERSION = YES;
				CLANG_WARN_OBJC_IMPLICIT_RETAIN_SELF = YES;
				CLANG_WARN_OBJC_LITERAL_CONVERSION = YES;
				CLANG_WARN_OBJC_ROOT_CLASS = YES_ERROR;
				CLANG_WARN_RANGE_LOOP_ANALYSIS = YES;
				CLANG_WARN_STRICT_PROTOTYPES = YES;
				CLANG_WARN_SUSPICIOUS_MOVE = YES;
				CLANG_WARN_UNGUARDED_AVAILABILITY = YES_AGGRESSIVE;
				CLANG_WARN_UNREACHABLE_CODE = YES;
				CLANG_WARN__DUPLICATE_METHOD_MATCH = YES;
				COPY_PHASE_STRIP = NO;
				DEBUG_INFORMATION_FORMAT = dwarf;
				ENABLE_STRICT_OBJC_MSGSEND = YES;
				ENABLE_TESTABILITY = YES;
				GCC_C_LANGUAGE_STANDARD = gnu11;
				GCC_DYNAMIC_NO_PIC = NO;
				GCC_NO_COMMON_BLOCKS = YES;
				GCC_OPTIMIZATION_LEVEL = 0;
				GCC_PREPROCESSOR_DEFINITIONS = (
					"DEBUG=1",
					"$(inherited)",
				);
				GCC_WARN_64_TO_32_BIT_CONVERSION = YES;
				GCC_WARN_ABOUT_RETURN_TYPE = YES_ERROR;
				GCC_WARN_UNDECLARED_SELECTOR = YES;
				GCC_WARN_UNINITIALIZED_AUTOS = YES_AGGRESSIVE;
				GCC_WARN_UNUSED_FUNCTION = YES;
				GCC_WARN_UNUSED_VARIABLE = YES;
				IPHONEOS_DEPLOYMENT_TARGET = 11.0;
				MTL_ENABLE_DEBUG_INFO = INCLUDE_SOURCE;
				MTL_FAST_MATH = YES;
				ONLY_ACTIVE_ARCH = YES;
				SDKROOT = iphoneos;
				SWIFT_ACTIVE_COMPILATION_CONDITIONS = DEBUG;
				SWIFT_OPTIMIZATION_LEVEL = "-Onone";
			};
			name = Debug;
		};
		DE5A2015250F431F00DFAEBD /* Release */ = {
			isa = XCBuildConfiguration;
			buildSettings = {
				ALWAYS_SEARCH_USER_PATHS = NO;
				CLANG_ANALYZER_NONNULL = YES;
				CLANG_ANALYZER_NUMBER_OBJECT_CONVERSION = YES_AGGRESSIVE;
				CLANG_CXX_LANGUAGE_STANDARD = "gnu++14";
				CLANG_CXX_LIBRARY = "libc++";
				CLANG_ENABLE_MODULES = YES;
				CLANG_ENABLE_OBJC_ARC = YES;
				CLANG_ENABLE_OBJC_WEAK = YES;
				CLANG_WARN_BLOCK_CAPTURE_AUTORELEASING = YES;
				CLANG_WARN_BOOL_CONVERSION = YES;
				CLANG_WARN_COMMA = YES;
				CLANG_WARN_CONSTANT_CONVERSION = YES;
				CLANG_WARN_DEPRECATED_OBJC_IMPLEMENTATIONS = YES;
				CLANG_WARN_DIRECT_OBJC_ISA_USAGE = YES_ERROR;
				CLANG_WARN_DOCUMENTATION_COMMENTS = YES;
				CLANG_WARN_EMPTY_BODY = YES;
				CLANG_WARN_ENUM_CONVERSION = YES;
				CLANG_WARN_INFINITE_RECURSION = YES;
				CLANG_WARN_INT_CONVERSION = YES;
				CLANG_WARN_NON_LITERAL_NULL_CONVERSION = YES;
				CLANG_WARN_OBJC_IMPLICIT_RETAIN_SELF = YES;
				CLANG_WARN_OBJC_LITERAL_CONVERSION = YES;
				CLANG_WARN_OBJC_ROOT_CLASS = YES_ERROR;
				CLANG_WARN_RANGE_LOOP_ANALYSIS = YES;
				CLANG_WARN_STRICT_PROTOTYPES = YES;
				CLANG_WARN_SUSPICIOUS_MOVE = YES;
				CLANG_WARN_UNGUARDED_AVAILABILITY = YES_AGGRESSIVE;
				CLANG_WARN_UNREACHABLE_CODE = YES;
				CLANG_WARN__DUPLICATE_METHOD_MATCH = YES;
				COPY_PHASE_STRIP = NO;
				DEBUG_INFORMATION_FORMAT = "dwarf-with-dsym";
				ENABLE_NS_ASSERTIONS = NO;
				ENABLE_STRICT_OBJC_MSGSEND = YES;
				GCC_C_LANGUAGE_STANDARD = gnu11;
				GCC_NO_COMMON_BLOCKS = YES;
				GCC_WARN_64_TO_32_BIT_CONVERSION = YES;
				GCC_WARN_ABOUT_RETURN_TYPE = YES_ERROR;
				GCC_WARN_UNDECLARED_SELECTOR = YES;
				GCC_WARN_UNINITIALIZED_AUTOS = YES_AGGRESSIVE;
				GCC_WARN_UNUSED_FUNCTION = YES;
				GCC_WARN_UNUSED_VARIABLE = YES;
				IPHONEOS_DEPLOYMENT_TARGET = 11.0;
				MTL_ENABLE_DEBUG_INFO = NO;
				MTL_FAST_MATH = YES;
				SDKROOT = iphoneos;
				SWIFT_COMPILATION_MODE = wholemodule;
				SWIFT_OPTIMIZATION_LEVEL = "-O";
				VALIDATE_PRODUCT = YES;
			};
			name = Release;
		};
		DE5A2017250F431F00DFAEBD /* Debug */ = {
			isa = XCBuildConfiguration;
			baseConfigurationReference = 40997F61F2B7439277FE49B1 /* Pods-Notes.debug.xcconfig */;
			buildSettings = {
				ASSETCATALOG_COMPILER_APPICON_NAME = AppIcon;
				CODE_SIGN_STYLE = Automatic;
				DEVELOPMENT_TEAM = YWXV7PW2ZL;
				INFOPLIST_FILE = Notes/Info.plist;
				LD_RUNPATH_SEARCH_PATHS = (
					"$(inherited)",
					"@executable_path/Frameworks",
				);
				PRODUCT_BUNDLE_IDENTIFIER = Baron.Notes;
				PRODUCT_NAME = "$(TARGET_NAME)";
				SWIFT_VERSION = 5.0;
				TARGETED_DEVICE_FAMILY = "1,2";
			};
			name = Debug;
		};
		DE5A2018250F431F00DFAEBD /* Release */ = {
			isa = XCBuildConfiguration;
			baseConfigurationReference = A838169FD23C9A0F8EB6C39E /* Pods-Notes.release.xcconfig */;
			buildSettings = {
				ASSETCATALOG_COMPILER_APPICON_NAME = AppIcon;
				CODE_SIGN_STYLE = Automatic;
				DEVELOPMENT_TEAM = YWXV7PW2ZL;
				INFOPLIST_FILE = Notes/Info.plist;
				LD_RUNPATH_SEARCH_PATHS = (
					"$(inherited)",
					"@executable_path/Frameworks",
				);
				PRODUCT_BUNDLE_IDENTIFIER = Baron.Notes;
				PRODUCT_NAME = "$(TARGET_NAME)";
				SWIFT_VERSION = 5.0;
				TARGETED_DEVICE_FAMILY = "1,2";
			};
			name = Release;
		};
/* End XCBuildConfiguration section */

/* Begin XCConfigurationList section */
		DE5A1FFD250F431E00DFAEBD /* Build configuration list for PBXProject "Notes" */ = {
			isa = XCConfigurationList;
			buildConfigurations = (
				DE5A2014250F431F00DFAEBD /* Debug */,
				DE5A2015250F431F00DFAEBD /* Release */,
			);
			defaultConfigurationIsVisible = 0;
			defaultConfigurationName = Release;
		};
		DE5A2016250F431F00DFAEBD /* Build configuration list for PBXNativeTarget "Notes" */ = {
			isa = XCConfigurationList;
			buildConfigurations = (
				DE5A2017250F431F00DFAEBD /* Debug */,
				DE5A2018250F431F00DFAEBD /* Release */,
			);
			defaultConfigurationIsVisible = 0;
			defaultConfigurationName = Release;
		};
/* End XCConfigurationList section */
	};
	rootObject = DE5A1FFA250F431E00DFAEBD /* Project object */;
}
